// !$*UTF8*$!
{
	archiveVersion = 1;
	classes = {
	};
	objectVersion = 56;
	objects = {

/* Begin PBXBuildFile section */
		078F26632BF99C2700DBDA66 /* HikeApp.swift in Sources */ = {isa = PBXBuildFile; fileRef = 078F26622BF99C2700DBDA66 /* HikeApp.swift */; };
		078F26652BF99C2700DBDA66 /* ContentView.swift in Sources */ = {isa = PBXBuildFile; fileRef = 078F26642BF99C2700DBDA66 /* ContentView.swift */; };
		078F26672BF99C2900DBDA66 /* Assets.xcassets in Resources */ = {isa = PBXBuildFile; fileRef = 078F26662BF99C2900DBDA66 /* Assets.xcassets */; };
		078F266A2BF99C2900DBDA66 /* Preview Assets.xcassets in Resources */ = {isa = PBXBuildFile; fileRef = 078F26692BF99C2900DBDA66 /* Preview Assets.xcassets */; };
		078F26712BF99FC700DBDA66 /* CardView.swift in Sources */ = {isa = PBXBuildFile; fileRef = 078F26702BF99FC600DBDA66 /* CardView.swift */; };
		078F26742BF9A0BB00DBDA66 /* CustomBackgroundView.swift in Sources */ = {isa = PBXBuildFile; fileRef = 078F26732BF9A0BB00DBDA66 /* CustomBackgroundView.swift */; };
		078F26772BF9A1DB00DBDA66 /* ColorExtension.swift in Sources */ = {isa = PBXBuildFile; fileRef = 078F26762BF9A1DB00DBDA66 /* ColorExtension.swift */; };
		078F26792BF9A79100DBDA66 /* CustomButtonView.swift in Sources */ = {isa = PBXBuildFile; fileRef = 078F26782BF9A79100DBDA66 /* CustomButtonView.swift */; };
		078F267B2BF9AC1900DBDA66 /* GradientButtonStyle.swift in Sources */ = {isa = PBXBuildFile; fileRef = 078F267A2BF9AC1900DBDA66 /* GradientButtonStyle.swift */; };
		07D336262BF9FE670042D80C /* CustomCircleView.swift in Sources */ = {isa = PBXBuildFile; fileRef = 07D336252BF9FE670042D80C /* CustomCircleView.swift */; };
		07D336282BF9FF900042D80C /* MotionAnimationView.swift in Sources */ = {isa = PBXBuildFile; fileRef = 07D336272BF9FF900042D80C /* MotionAnimationView.swift */; };
		07D3362B2BFA06680042D80C /* SettingsView.swift in Sources */ = {isa = PBXBuildFile; fileRef = 07D3362A2BFA06680042D80C /* SettingsView.swift */; };
/* End PBXBuildFile section */

/* Begin PBXFileReference section */
		078F265F2BF99C2700DBDA66 /* Hike.app */ = {isa = PBXFileReference; explicitFileType = wrapper.application; includeInIndex = 0; path = Hike.app; sourceTree = BUILT_PRODUCTS_DIR; };
		078F26622BF99C2700DBDA66 /* HikeApp.swift */ = {isa = PBXFileReference; lastKnownFileType = sourcecode.swift; path = HikeApp.swift; sourceTree = "<group>"; };
		078F26642BF99C2700DBDA66 /* ContentView.swift */ = {isa = PBXFileReference; lastKnownFileType = sourcecode.swift; path = ContentView.swift; sourceTree = "<group>"; };
		078F26662BF99C2900DBDA66 /* Assets.xcassets */ = {isa = PBXFileReference; lastKnownFileType = folder.assetcatalog; path = Assets.xcassets; sourceTree = "<group>"; };
		078F26692BF99C2900DBDA66 /* Preview Assets.xcassets */ = {isa = PBXFileReference; lastKnownFileType = folder.assetcatalog; path = "Preview Assets.xcassets"; sourceTree = "<group>"; };
		078F26702BF99FC600DBDA66 /* CardView.swift */ = {isa = PBXFileReference; lastKnownFileType = sourcecode.swift; path = CardView.swift; sourceTree = "<group>"; };
		078F26732BF9A0BB00DBDA66 /* CustomBackgroundView.swift */ = {isa = PBXFileReference; lastKnownFileType = sourcecode.swift; path = CustomBackgroundView.swift; sourceTree = "<group>"; };
		078F26762BF9A1DB00DBDA66 /* ColorExtension.swift */ = {isa = PBXFileReference; lastKnownFileType = sourcecode.swift; path = ColorExtension.swift; sourceTree = "<group>"; };
		078F26782BF9A79100DBDA66 /* CustomButtonView.swift */ = {isa = PBXFileReference; lastKnownFileType = sourcecode.swift; path = CustomButtonView.swift; sourceTree = "<group>"; };
		078F267A2BF9AC1900DBDA66 /* GradientButtonStyle.swift */ = {isa = PBXFileReference; lastKnownFileType = sourcecode.swift; path = GradientButtonStyle.swift; sourceTree = "<group>"; };
		07D336252BF9FE670042D80C /* CustomCircleView.swift */ = {isa = PBXFileReference; lastKnownFileType = sourcecode.swift; path = CustomCircleView.swift; sourceTree = "<group>"; };
		07D336272BF9FF900042D80C /* MotionAnimationView.swift */ = {isa = PBXFileReference; lastKnownFileType = sourcecode.swift; path = MotionAnimationView.swift; sourceTree = "<group>"; };
		07D3362A2BFA06680042D80C /* SettingsView.swift */ = {isa = PBXFileReference; lastKnownFileType = sourcecode.swift; path = SettingsView.swift; sourceTree = "<group>"; };
/* End PBXFileReference section */

/* Begin PBXFrameworksBuildPhase section */
		078F265C2BF99C2700DBDA66 /* Frameworks */ = {
			isa = PBXFrameworksBuildPhase;
			buildActionMask = 2147483647;
			files = (
			);
			runOnlyForDeploymentPostprocessing = 0;
		};
/* End PBXFrameworksBuildPhase section */

/* Begin PBXGroup section */
		078F26562BF99C2700DBDA66 = {
			isa = PBXGroup;
			children = (
				078F26612BF99C2700DBDA66 /* Hike */,
				078F26602BF99C2700DBDA66 /* Products */,
			);
			sourceTree = "<group>";
		};
		078F26602BF99C2700DBDA66 /* Products */ = {
			isa = PBXGroup;
			children = (
				078F265F2BF99C2700DBDA66 /* Hike.app */,
			);
			name = Products;
			sourceTree = "<group>";
		};
		078F26612BF99C2700DBDA66 /* Hike */ = {
			isa = PBXGroup;
			children = (
				078F26752BF9A1C500DBDA66 /* Utility */,
				078F26622BF99C2700DBDA66 /* HikeApp.swift */,
				07D336292BFA06520042D80C /* Screen */,
				078F26662BF99C2900DBDA66 /* Assets.xcassets */,
				078F26682BF99C2900DBDA66 /* Preview Content */,
				078F26722BF9A0A600DBDA66 /* Component */,
			);
			path = Hike;
			sourceTree = "<group>";
		};
		078F26682BF99C2900DBDA66 /* Preview Content */ = {
			isa = PBXGroup;
			children = (
				078F26692BF99C2900DBDA66 /* Preview Assets.xcassets */,
			);
			path = "Preview Content";
			sourceTree = "<group>";
		};
		078F26722BF9A0A600DBDA66 /* Component */ = {
			isa = PBXGroup;
			children = (
				078F26702BF99FC600DBDA66 /* CardView.swift */,
				078F26732BF9A0BB00DBDA66 /* CustomBackgroundView.swift */,
				078F26782BF9A79100DBDA66 /* CustomButtonView.swift */,
				07D336252BF9FE670042D80C /* CustomCircleView.swift */,
				07D336272BF9FF900042D80C /* MotionAnimationView.swift */,
			);
			path = Component;
			sourceTree = "<group>";
		};
		078F26752BF9A1C500DBDA66 /* Utility */ = {
			isa = PBXGroup;
			children = (
				078F26762BF9A1DB00DBDA66 /* ColorExtension.swift */,
				078F267A2BF9AC1900DBDA66 /* GradientButtonStyle.swift */,
			);
			path = Utility;
			sourceTree = "<group>";
		};
		07D336292BFA06520042D80C /* Screen */ = {
			isa = PBXGroup;
			children = (
				078F26642BF99C2700DBDA66 /* ContentView.swift */,
				07D3362A2BFA06680042D80C /* SettingsView.swift */,
			);
			path = Screen;
			sourceTree = "<group>";
		};
/* End PBXGroup section */

/* Begin PBXNativeTarget section */
		078F265E2BF99C2700DBDA66 /* Hike */ = {
			isa = PBXNativeTarget;
			buildConfigurationList = 078F266D2BF99C2900DBDA66 /* Build configuration list for PBXNativeTarget "Hike" */;
			buildPhases = (
				078F265B2BF99C2700DBDA66 /* Sources */,
				078F265C2BF99C2700DBDA66 /* Frameworks */,
				078F265D2BF99C2700DBDA66 /* Resources */,
			);
			buildRules = (
			);
			dependencies = (
			);
			name = Hike;
			productName = Hike;
			productReference = 078F265F2BF99C2700DBDA66 /* Hike.app */;
			productType = "com.apple.product-type.application";
		};
/* End PBXNativeTarget section */

/* Begin PBXProject section */
		078F26572BF99C2700DBDA66 /* Project object */ = {
			isa = PBXProject;
			attributes = {
				BuildIndependentTargetsInParallel = 1;
				LastSwiftUpdateCheck = 1430;
				LastUpgradeCheck = 1430;
				TargetAttributes = {
					078F265E2BF99C2700DBDA66 = {
						CreatedOnToolsVersion = 14.3.1;
					};
				};
			};
			buildConfigurationList = 078F265A2BF99C2700DBDA66 /* Build configuration list for PBXProject "Hike" */;
			compatibilityVersion = "Xcode 14.0";
			developmentRegion = en;
			hasScannedForEncodings = 0;
			knownRegions = (
				en,
				Base,
			);
			mainGroup = 078F26562BF99C2700DBDA66;
			productRefGroup = 078F26602BF99C2700DBDA66 /* Products */;
			projectDirPath = "";
			projectRoot = "";
			targets = (
				078F265E2BF99C2700DBDA66 /* Hike */,
			);
		};
/* End PBXProject section */

/* Begin PBXResourcesBuildPhase section */
		078F265D2BF99C2700DBDA66 /* Resources */ = {
			isa = PBXResourcesBuildPhase;
			buildActionMask = 2147483647;
			files = (
				078F266A2BF99C2900DBDA66 /* Preview Assets.xcassets in Resources */,
				078F26672BF99C2900DBDA66 /* Assets.xcassets in Resources */,
			);
			runOnlyForDeploymentPostprocessing = 0;
		};
/* End PBXResourcesBuildPhase section */

/* Begin PBXSourcesBuildPhase section */
		078F265B2BF99C2700DBDA66 /* Sources */ = {
			isa = PBXSourcesBuildPhase;
			buildActionMask = 2147483647;
			files = (
				078F26712BF99FC700DBDA66 /* CardView.swift in Sources */,
				07D336262BF9FE670042D80C /* CustomCircleView.swift in Sources */,
				078F26652BF99C2700DBDA66 /* ContentView.swift in Sources */,
				078F26632BF99C2700DBDA66 /* HikeApp.swift in Sources */,
				078F26792BF9A79100DBDA66 /* CustomButtonView.swift in Sources */,
				07D3362B2BFA06680042D80C /* SettingsView.swift in Sources */,
				078F267B2BF9AC1900DBDA66 /* GradientButtonStyle.swift in Sources */,
				07D336282BF9FF900042D80C /* MotionAnimationView.swift in Sources */,
				078F26742BF9A0BB00DBDA66 /* CustomBackgroundView.swift in Sources */,
				078F26772BF9A1DB00DBDA66 /* ColorExtension.swift in Sources */,
			);
			runOnlyForDeploymentPostprocessing = 0;
		};
/* End PBXSourcesBuildPhase section */

/* Begin XCBuildConfiguration section */
		078F266B2BF99C2900DBDA66 /* Debug */ = {
			isa = XCBuildConfiguration;
			buildSettings = {
				ALWAYS_SEARCH_USER_PATHS = NO;
				CLANG_ANALYZER_NONNULL = YES;
				CLANG_ANALYZER_NUMBER_OBJECT_CONVERSION = YES_AGGRESSIVE;
				CLANG_CXX_LANGUAGE_STANDARD = "gnu++20";
				CLANG_ENABLE_MODULES = YES;
				CLANG_ENABLE_OBJC_ARC = YES;
				CLANG_ENABLE_OBJC_WEAK = YES;
				CLANG_WARN_BLOCK_CAPTURE_AUTORELEASING = YES;
				CLANG_WARN_BOOL_CONVERSION = YES;
				CLANG_WARN_COMMA = YES;
				CLANG_WARN_CONSTANT_CONVERSION = YES;
				CLANG_WARN_DEPRECATED_OBJC_IMPLEMENTATIONS = YES;
				CLANG_WARN_DIRECT_OBJC_ISA_USAGE = YES_ERROR;
				CLANG_WARN_DOCUMENTATION_COMMENTS = YES;
				CLANG_WARN_EMPTY_BODY = YES;
				CLANG_WARN_ENUM_CONVERSION = YES;
				CLANG_WARN_INFINITE_RECURSION = YES;
				CLANG_WARN_INT_CONVERSION = YES;
				CLANG_WARN_NON_LITERAL_NULL_CONVERSION = YES;
				CLANG_WARN_OBJC_IMPLICIT_RETAIN_SELF = YES;
				CLANG_WARN_OBJC_LITERAL_CONVERSION = YES;
				CLANG_WARN_OBJC_ROOT_CLASS = YES_ERROR;
				CLANG_WARN_QUOTED_INCLUDE_IN_FRAMEWORK_HEADER = YES;
				CLANG_WARN_RANGE_LOOP_ANALYSIS = YES;
				CLANG_WARN_STRICT_PROTOTYPES = YES;
				CLANG_WARN_SUSPICIOUS_MOVE = YES;
				CLANG_WARN_UNGUARDED_AVAILABILITY = YES_AGGRESSIVE;
				CLANG_WARN_UNREACHABLE_CODE = YES;
				CLANG_WARN__DUPLICATE_METHOD_MATCH = YES;
				COPY_PHASE_STRIP = NO;
				DEBUG_INFORMATION_FORMAT = dwarf;
				ENABLE_STRICT_OBJC_MSGSEND = YES;
				ENABLE_TESTABILITY = YES;
				GCC_C_LANGUAGE_STANDARD = gnu11;
				GCC_DYNAMIC_NO_PIC = NO;
				GCC_NO_COMMON_BLOCKS = YES;
				GCC_OPTIMIZATION_LEVEL = 0;
				GCC_PREPROCESSOR_DEFINITIONS = (
					"DEBUG=1",
					"$(inherited)",
				);
				GCC_WARN_64_TO_32_BIT_CONVERSION = YES;
				GCC_WARN_ABOUT_RETURN_TYPE = YES_ERROR;
				GCC_WARN_UNDECLARED_SELECTOR = YES;
				GCC_WARN_UNINITIALIZED_AUTOS = YES_AGGRESSIVE;
				GCC_WARN_UNUSED_FUNCTION = YES;
				GCC_WARN_UNUSED_VARIABLE = YES;
				IPHONEOS_DEPLOYMENT_TARGET = 16.4;
				MTL_ENABLE_DEBUG_INFO = INCLUDE_SOURCE;
				MTL_FAST_MATH = YES;
				ONLY_ACTIVE_ARCH = YES;
				SDKROOT = iphoneos;
				SWIFT_ACTIVE_COMPILATION_CONDITIONS = DEBUG;
				SWIFT_OPTIMIZATION_LEVEL = "-Onone";
			};
			name = Debug;
		};
		078F266C2BF99C2900DBDA66 /* Release */ = {
			isa = XCBuildConfiguration;
			buildSettings = {
				ALWAYS_SEARCH_USER_PATHS = NO;
				CLANG_ANALYZER_NONNULL = YES;
				CLANG_ANALYZER_NUMBER_OBJECT_CONVERSION = YES_AGGRESSIVE;
				CLANG_CXX_LANGUAGE_STANDARD = "gnu++20";
				CLANG_ENABLE_MODULES = YES;
				CLANG_ENABLE_OBJC_ARC = YES;
				CLANG_ENABLE_OBJC_WEAK = YES;
				CLANG_WARN_BLOCK_CAPTURE_AUTORELEASING = YES;
				CLANG_WARN_BOOL_CONVERSION = YES;
				CLANG_WARN_COMMA = YES;
				CLANG_WARN_CONSTANT_CONVERSION = YES;
				CLANG_WARN_DEPRECATED_OBJC_IMPLEMENTATIONS = YES;
				CLANG_WARN_DIRECT_OBJC_ISA_USAGE = YES_ERROR;
				CLANG_WARN_DOCUMENTATION_COMMENTS = YES;
				CLANG_WARN_EMPTY_BODY = YES;
				CLANG_WARN_ENUM_CONVERSION = YES;
				CLANG_WARN_INFINITE_RECURSION = YES;
				CLANG_WARN_INT_CONVERSION = YES;
				CLANG_WARN_NON_LITERAL_NULL_CONVERSION = YES;
				CLANG_WARN_OBJC_IMPLICIT_RETAIN_SELF = YES;
				CLANG_WARN_OBJC_LITERAL_CONVERSION = YES;
				CLANG_WARN_OBJC_ROOT_CLASS = YES_ERROR;
				CLANG_WARN_QUOTED_INCLUDE_IN_FRAMEWORK_HEADER = YES;
				CLANG_WARN_RANGE_LOOP_ANALYSIS = YES;
				CLANG_WARN_STRICT_PROTOTYPES = YES;
				CLANG_WARN_SUSPICIOUS_MOVE = YES;
				CLANG_WARN_UNGUARDED_AVAILABILITY = YES_AGGRESSIVE;
				CLANG_WARN_UNREACHABLE_CODE = YES;
				CLANG_WARN__DUPLICATE_METHOD_MATCH = YES;
				COPY_PHASE_STRIP = NO;
				DEBUG_INFORMATION_FORMAT = "dwarf-with-dsym";
				ENABLE_NS_ASSERTIONS = NO;
				ENABLE_STRICT_OBJC_MSGSEND = YES;
				GCC_C_LANGUAGE_STANDARD = gnu11;
				GCC_NO_COMMON_BLOCKS = YES;
				GCC_WARN_64_TO_32_BIT_CONVERSION = YES;
				GCC_WARN_ABOUT_RETURN_TYPE = YES_ERROR;
				GCC_WARN_UNDECLARED_SELECTOR = YES;
				GCC_WARN_UNINITIALIZED_AUTOS = YES_AGGRESSIVE;
				GCC_WARN_UNUSED_FUNCTION = YES;
				GCC_WARN_UNUSED_VARIABLE = YES;
				IPHONEOS_DEPLOYMENT_TARGET = 16.4;
				MTL_ENABLE_DEBUG_INFO = NO;
				MTL_FAST_MATH = YES;
				SDKROOT = iphoneos;
				SWIFT_COMPILATION_MODE = wholemodule;
				SWIFT_OPTIMIZATION_LEVEL = "-O";
				VALIDATE_PRODUCT = YES;
			};
			name = Release;
		};
		078F266E2BF99C2900DBDA66 /* Debug */ = {
			isa = XCBuildConfiguration;
			buildSettings = {
				ASSETCATALOG_COMPILER_APPICON_NAME = AppIcon;
				ASSETCATALOG_COMPILER_GLOBAL_ACCENT_COLOR_NAME = AccentColor;
				CODE_SIGN_STYLE = Automatic;
				CURRENT_PROJECT_VERSION = 1;
				DEVELOPMENT_ASSET_PATHS = "\"Hike/Preview Content\"";
				DEVELOPMENT_TEAM = 9JT5S6HLB2;
				ENABLE_PREVIEWS = YES;
				GENERATE_INFOPLIST_FILE = YES;
				INFOPLIST_KEY_UIApplicationSceneManifest_Generation = YES;
				INFOPLIST_KEY_UIApplicationSupportsIndirectInputEvents = YES;
				INFOPLIST_KEY_UILaunchScreen_Generation = YES;
				INFOPLIST_KEY_UISupportedInterfaceOrientations_iPad = "UIInterfaceOrientationPortrait UIInterfaceOrientationPortraitUpsideDown UIInterfaceOrientationLandscapeLeft UIInterfaceOrientationLandscapeRight";
				INFOPLIST_KEY_UISupportedInterfaceOrientations_iPhone = "UIInterfaceOrientationPortrait UIInterfaceOrientationLandscapeLeft UIInterfaceOrientationLandscapeRight";
				LD_RUNPATH_SEARCH_PATHS = (
					"$(inherited)",
					"@executable_path/Frameworks",
				);
				MARKETING_VERSION = 1.0;
				PRODUCT_BUNDLE_IDENTIFIER = com.learn.Hike;
				PRODUCT_NAME = "$(TARGET_NAME)";
				SWIFT_EMIT_LOC_STRINGS = YES;
				SWIFT_VERSION = 5.0;
				TARGETED_DEVICE_FAMILY = "1,2";
			};
			name = Debug;
		};
		078F266F2BF99C2900DBDA66 /* Release */ = {
			isa = XCBuildConfiguration;
			buildSettings = {
				ASSETCATALOG_COMPILER_APPICON_NAME = AppIcon;
				ASSETCATALOG_COMPILER_GLOBAL_ACCENT_COLOR_NAME = AccentColor;
				CODE_SIGN_STYLE = Automatic;
				CURRENT_PROJECT_VERSION = 1;
				DEVELOPMENT_ASSET_PATHS = "\"Hike/Preview Content\"";
				DEVELOPMENT_TEAM = 9JT5S6HLB2;
				ENABLE_PREVIEWS = YES;
				GENERATE_INFOPLIST_FILE = YES;
				INFOPLIST_KEY_UIApplicationSceneManifest_Generation = YES;
				INFOPLIST_KEY_UIApplicationSupportsIndirectInputEvents = YES;
				INFOPLIST_KEY_UILaunchScreen_Generation = YES;
				INFOPLIST_KEY_UISupportedInterfaceOrientations_iPad = "UIInterfaceOrientationPortrait UIInterfaceOrientationPortraitUpsideDown UIInterfaceOrientationLandscapeLeft UIInterfaceOrientationLandscapeRight";
				INFOPLIST_KEY_UISupportedInterfaceOrientations_iPhone = "UIInterfaceOrientationPortrait UIInterfaceOrientationLandscapeLeft UIInterfaceOrientationLandscapeRight";
				LD_RUNPATH_SEARCH_PATHS = (
					"$(inherited)",
					"@executable_path/Frameworks",
				);
				MARKETING_VERSION = 1.0;
				PRODUCT_BUNDLE_IDENTIFIER = com.learn.Hike;
				PRODUCT_NAME = "$(TARGET_NAME)";
				SWIFT_EMIT_LOC_STRINGS = YES;
				SWIFT_VERSION = 5.0;
				TARGETED_DEVICE_FAMILY = "1,2";
			};
			name = Release;
		};
/* End XCBuildConfiguration section */

/* Begin XCConfigurationList section */
		078F265A2BF99C2700DBDA66 /* Build configuration list for PBXProject "Hike" */ = {
			isa = XCConfigurationList;
			buildConfigurations = (
				078F266B2BF99C2900DBDA66 /* Debug */,
				078F266C2BF99C2900DBDA66 /* Release */,
			);
			defaultConfigurationIsVisible = 0;
			defaultConfigurationName = Release;
		};
		078F266D2BF99C2900DBDA66 /* Build configuration list for PBXNativeTarget "Hike" */ = {
			isa = XCConfigurationList;
			buildConfigurations = (
				078F266E2BF99C2900DBDA66 /* Debug */,
				078F266F2BF99C2900DBDA66 /* Release */,
			);
			defaultConfigurationIsVisible = 0;
			defaultConfigurationName = Release;
		};
/* End XCConfigurationList section */
	};
	rootObject = 078F26572BF99C2700DBDA66 /* Project object */;
}
